// !$*UTF8*$!
{
	archiveVersion = 1;
	classes = {
	};
	objectVersion = 46;
	objects = {

/* Begin PBXBuildFile section */
		C345BBDF13ABD06000153405 /* UIKit.framework in Frameworks */ = {isa = PBXBuildFile; fileRef = C345BBDE13ABD06000153405 /* UIKit.framework */; };
		C345BBE113ABD06000153405 /* Foundation.framework in Frameworks */ = {isa = PBXBuildFile; fileRef = C345BBE013ABD06000153405 /* Foundation.framework */; };
		C345BBE313ABD06000153405 /* CoreGraphics.framework in Frameworks */ = {isa = PBXBuildFile; fileRef = C345BBE213ABD06000153405 /* CoreGraphics.framework */; };
		C345BBE913ABD06000153405 /* InfoPlist.strings in Resources */ = {isa = PBXBuildFile; fileRef = C345BBE713ABD06000153405 /* InfoPlist.strings */; };
		C345BBEC13ABD06000153405 /* main.m in Sources */ = {isa = PBXBuildFile; fileRef = C345BBEB13ABD06000153405 /* main.m */; };
		C345BBEF13ABD06000153405 /* HelloWorldAppDelegate.m in Sources */ = {isa = PBXBuildFile; fileRef = C345BBEE13ABD06000153405 /* HelloWorldAppDelegate.m */; };
		C345BBF213ABD06100153405 /* MainWindow.xib in Resources */ = {isa = PBXBuildFile; fileRef = C345BBF013ABD06100153405 /* MainWindow.xib */; };
		C345BBF513ABD06100153405 /* HelloWorldViewController.m in Sources */ = {isa = PBXBuildFile; fileRef = C345BBF413ABD06100153405 /* HelloWorldViewController.m */; };
		C345BBF813ABD06100153405 /* HelloWorldViewController.xib in Resources */ = {isa = PBXBuildFile; fileRef = C345BBF613ABD06100153405 /* HelloWorldViewController.xib */; };
/* End PBXBuildFile section */

/* Begin PBXFileReference section */
		C345BBDA13ABD06000153405 /* HelloWorld.app */ = {isa = PBXFileReference; explicitFileType = wrapper.application; includeInIndex = 0; path = HelloWorld.app; sourceTree = BUILT_PRODUCTS_DIR; };
		C345BBDE13ABD06000153405 /* UIKit.framework */ = {isa = PBXFileReference; lastKnownFileType = wrapper.framework; name = UIKit.framework; path = System/Library/Frameworks/UIKit.framework; sourceTree = SDKROOT; };
		C345BBE013ABD06000153405 /* Foundation.framework */ = {isa = PBXFileReference; lastKnownFileType = wrapper.framework; name = Foundation.framework; path = System/Library/Frameworks/Foundation.framework; sourceTree = SDKROOT; };
		C345BBE213ABD06000153405 /* CoreGraphics.framework */ = {isa = PBXFileReference; lastKnownFileType = wrapper.framework; name = CoreGraphics.framework; path = System/Library/Frameworks/CoreGraphics.framework; sourceTree = SDKROOT; };
		C345BBE613ABD06000153405 /* HelloWorld-Info.plist */ = {isa = PBXFileReference; path = "HelloWorld-Info.plist"; sourceTree = "<group>"; };
		C345BBE813ABD06000153405 /* en */ = {isa = PBXFileReference; lastKnownFileType = text.plist.strings; name = en; path = en.lproj/InfoPlist.strings; sourceTree = "<group>"; };
		C345BBEA13ABD06000153405 /* HelloWorld-Prefix.pch */ = {isa = PBXFileReference; path = "HelloWorld-Prefix.pch"; sourceTree = "<group>"; };
		C345BBEB13ABD06000153405 /* main.m */ = {isa = PBXFileReference; lastKnownFileType = sourcecode.c.objc; path = main.m; sourceTree = "<group>"; };
		C345BBED13ABD06000153405 /* HelloWorldAppDelegate.h */ = {isa = PBXFileReference; path = HelloWorldAppDelegate.h; sourceTree = "<group>"; };
		C345BBEE13ABD06000153405 /* HelloWorldAppDelegate.m */ = {isa = PBXFileReference; lastKnownFileType = sourcecode.c.objc; path = HelloWorldAppDelegate.m; sourceTree = "<group>"; };
		C345BBF113ABD06100153405 /* en */ = {isa = PBXFileReference; lastKnownFileType = file.xib; name = en; path = en.lproj/MainWindow.xib; sourceTree = "<group>"; };
		C345BBF313ABD06100153405 /* HelloWorldViewController.h */ = {isa = PBXFileReference; path = HelloWorldViewController.h; sourceTree = "<group>"; };
		C345BBF413ABD06100153405 /* HelloWorldViewController.m */ = {isa = PBXFileReference; lastKnownFileType = sourcecode.c.objc; path = HelloWorldViewController.m; sourceTree = "<group>"; };
		C345BBF713ABD06100153405 /* en */ = {isa = PBXFileReference; lastKnownFileType = file.xib; name = en; path = en.lproj/HelloWorldViewController.xib; sourceTree = "<group>"; };
/* End PBXFileReference section */

/* Begin PBXFrameworksBuildPhase section */
		C345BBD713ABD06000153405 /* Frameworks */ = {
			isa = PBXFrameworksBuildPhase;
			buildActionMask = 2147483647;
			files = (
				C345BBDF13ABD06000153405 /* UIKit.framework in Frameworks */,
				C345BBE113ABD06000153405 /* Foundation.framework in Frameworks */,
				C345BBE313ABD06000153405 /* CoreGraphics.framework in Frameworks */,
			);
			runOnlyForDeploymentPostprocessing = 0;
		};
/* End PBXFrameworksBuildPhase section */

/* Begin PBXGroup section */
		C345BBCF13ABD06000153405 = {
			isa = PBXGroup;
			children = (
				C345BBE413ABD06000153405 /* HelloWorld */,
				C345BBDD13ABD06000153405 /* Frameworks */,
				C345BBDB13ABD06000153405 /* Products */,
			);
			sourceTree = "<group>";
		};
		C345BBDB13ABD06000153405 /* Products */ = {
			isa = PBXGroup;
			children = (
				C345BBDA13ABD06000153405 /* HelloWorld.app */,
			);
			name = Products;
			sourceTree = "<group>";
		};
		C345BBDD13ABD06000153405 /* Frameworks */ = {
			isa = PBXGroup;
			children = (
				C345BBDE13ABD06000153405 /* UIKit.framework */,
				C345BBE013ABD06000153405 /* Foundation.framework */,
				C345BBE213ABD06000153405 /* CoreGraphics.framework */,
			);
			name = Frameworks;
			sourceTree = "<group>";
		};
		C345BBE413ABD06000153405 /* HelloWorld */ = {
			isa = PBXGroup;
			children = (
				C345BBED13ABD06000153405 /* HelloWorldAppDelegate.h */,
				C345BBEE13ABD06000153405 /* HelloWorldAppDelegate.m */,
				C345BBF013ABD06100153405 /* MainWindow.xib */,
				C345BBF313ABD06100153405 /* HelloWorldViewController.h */,
				C345BBF413ABD06100153405 /* HelloWorldViewController.m */,
				C345BBF613ABD06100153405 /* HelloWorldViewController.xib */,
				C345BBE513ABD06000153405 /* Supporting Files */,
			);
			path = HelloWorld;
			sourceTree = "<group>";
		};
		C345BBE513ABD06000153405 /* Supporting Files */ = {
			isa = PBXGroup;
			children = (
				C345BBE613ABD06000153405 /* HelloWorld-Info.plist */,
				C345BBE713ABD06000153405 /* InfoPlist.strings */,
				C345BBEA13ABD06000153405 /* HelloWorld-Prefix.pch */,
				C345BBEB13ABD06000153405 /* main.m */,
			);
			name = "Supporting Files";
			sourceTree = "<group>";
		};
/* End PBXGroup section */

/* Begin PBXNativeTarget section */
		C345BBD913ABD06000153405 /* HelloWorld */ = {
			isa = PBXNativeTarget;
			buildConfigurationList = C345BBFB13ABD06100153405 /* Build configuration list for PBXNativeTarget "HelloWorld" */;
			buildPhases = (
				C345BBD613ABD06000153405 /* Sources */,
				C345BBD713ABD06000153405 /* Frameworks */,
				C345BBD813ABD06000153405 /* Resources */,
			);
			buildRules = (
			);
			dependencies = (
			);
			name = HelloWorld;
			productName = HelloWorld;
			productReference = C345BBDA13ABD06000153405 /* HelloWorld.app */;
			productType = "com.apple.product-type.application";
		};
/* End PBXNativeTarget section */

/* Begin PBXProject section */
		C345BBD113ABD06000153405 /* Project object */ = {
			isa = PBXProject;
			attributes = {
				ORGANIZATIONNAME = "8th Light, Inc.";
			};
			buildConfigurationList = C345BBD413ABD06000153405 /* Build configuration list for PBXProject "HelloWorld" */;
			compatibilityVersion = "Xcode 3.2";
			developmentRegion = English;
			hasScannedForEncodings = 0;
			knownRegions = (
				en,
			);
			mainGroup = C345BBCF13ABD06000153405;
			productRefGroup = C345BBDB13ABD06000153405 /* Products */;
			projectDirPath = "";
			projectRoot = "";
			targets = (
				C345BBD913ABD06000153405 /* HelloWorld */,
			);
		};
/* End PBXProject section */

/* Begin PBXResourcesBuildPhase section */
		C345BBD813ABD06000153405 /* Resources */ = {
			isa = PBXResourcesBuildPhase;
			buildActionMask = 2147483647;
			files = (
				C345BBE913ABD06000153405 /* InfoPlist.strings in Resources */,
				C345BBF213ABD06100153405 /* MainWindow.xib in Resources */,
				C345BBF813ABD06100153405 /* HelloWorldViewController.xib in Resources */,
			);
			runOnlyForDeploymentPostprocessing = 0;
		};
/* End PBXResourcesBuildPhase section */

/* Begin PBXSourcesBuildPhase section */
		C345BBD613ABD06000153405 /* Sources */ = {
			isa = PBXSourcesBuildPhase;
			buildActionMask = 2147483647;
			files = (
				C345BBEC13ABD06000153405 /* main.m in Sources */,
				C345BBEF13ABD06000153405 /* HelloWorldAppDelegate.m in Sources */,
				C345BBF513ABD06100153405 /* HelloWorldViewController.m in Sources */,
			);
			runOnlyForDeploymentPostprocessing = 0;
		};
/* End PBXSourcesBuildPhase section */

/* Begin PBXVariantGroup section */
		C345BBE713ABD06000153405 /* InfoPlist.strings */ = {
			isa = PBXVariantGroup;
			children = (
				C345BBE813ABD06000153405 /* en */,
			);
			name = InfoPlist.strings;
			sourceTree = "<group>";
		};
		C345BBF013ABD06100153405 /* MainWindow.xib */ = {
			isa = PBXVariantGroup;
			children = (
				C345BBF113ABD06100153405 /* en */,
			);
			name = MainWindow.xib;
			sourceTree = "<group>";
		};
		C345BBF613ABD06100153405 /* HelloWorldViewController.xib */ = {
			isa = PBXVariantGroup;
			children = (
				C345BBF713ABD06100153405 /* en */,
			);
			name = HelloWorldViewController.xib;
			sourceTree = "<group>";
		};
/* End PBXVariantGroup section */

/* Begin XCBuildConfiguration section */
		C345BBF913ABD06100153405 /* Debug */ = {
			isa = XCBuildConfiguration;
			buildSettings = {
				ARCHS = "$(ARCHS_STANDARD_32_BIT)";
				"CODE_SIGN_IDENTITY[sdk=iphoneos*]" = "iPhone Developer";
				GCC_C_LANGUAGE_STANDARD = gnu99;
				GCC_OPTIMIZATION_LEVEL = 0;
				GCC_PREPROCESSOR_DEFINITIONS = DEBUG;
				GCC_SYMBOLS_PRIVATE_EXTERN = NO;
				GCC_VERSION = com.apple.compilers.llvmgcc42;
				GCC_WARN_ABOUT_RETURN_TYPE = YES;
				GCC_WARN_UNUSED_VARIABLE = YES;
				IPHONEOS_DEPLOYMENT_TARGET = 4.3;
				SDKROOT = iphoneos;
			};
			name = Debug;
		};
		C345BBFA13ABD06100153405 /* Release */ = {
			isa = XCBuildConfiguration;
			buildSettings = {
				ARCHS = "$(ARCHS_STANDARD_32_BIT)";
				"CODE_SIGN_IDENTITY[sdk=iphoneos*]" = "iPhone Developer";
				GCC_C_LANGUAGE_STANDARD = gnu99;
				GCC_VERSION = com.apple.compilers.llvmgcc42;
				GCC_WARN_ABOUT_RETURN_TYPE = YES;
				GCC_WARN_UNUSED_VARIABLE = YES;
				IPHONEOS_DEPLOYMENT_TARGET = 4.3;
				OTHER_CFLAGS = "-DNS_BLOCK_ASSERTIONS=1";
				SDKROOT = iphoneos;
			};
			name = Release;
		};
		C345BBFC13ABD06100153405 /* Debug */ = {
			isa = XCBuildConfiguration;
			buildSettings = {
				ALWAYS_SEARCH_USER_PATHS = NO;
				COPY_PHASE_STRIP = NO;
				GCC_DYNAMIC_NO_PIC = NO;
				GCC_PRECOMPILE_PREFIX_HEADER = YES;
				GCC_PREFIX_HEADER = "HelloWorld/HelloWorld-Prefix.pch";
				INFOPLIST_FILE = "HelloWorld/HelloWorld-Info.plist";
				PRODUCT_NAME = "$(TARGET_NAME)";
				WRAPPER_EXTENSION = app;
			};
			name = Debug;
		};
		C345BBFD13ABD06100153405 /* Release */ = {
			isa = XCBuildConfiguration;
			buildSettings = {
				ALWAYS_SEARCH_USER_PATHS = NO;
				COPY_PHASE_STRIP = YES;
				GCC_PRECOMPILE_PREFIX_HEADER = YES;
				GCC_PREFIX_HEADER = "HelloWorld/HelloWorld-Prefix.pch";
				INFOPLIST_FILE = "HelloWorld/HelloWorld-Info.plist";
				PRODUCT_NAME = "$(TARGET_NAME)";
				VALIDATE_PRODUCT = YES;
				WRAPPER_EXTENSION = app;
			};
			name = Release;
		};
/* End XCBuildConfiguration section */

/* Begin XCConfigurationList section */
		C345BBD413ABD06000153405 /* Build configuration list for PBXProject "HelloWorld" */ = {
			isa = XCConfigurationList;
			buildConfigurations = (
				C345BBF913ABD06100153405 /* Debug */,
				C345BBFA13ABD06100153405 /* Release */,
			);
			defaultConfigurationIsVisible = 0;
			defaultConfigurationName = Release;
		};
		C345BBFB13ABD06100153405 /* Build configuration list for PBXNativeTarget "HelloWorld" */ = {
			isa = XCConfigurationList;
			buildConfigurations = (
				C345BBFC13ABD06100153405 /* Debug */,
				C345BBFD13ABD06100153405 /* Release */,
			);
			defaultConfigurationIsVisible = 0;
		};
/* End XCConfigurationList section */
	};
	rootObject = C345BBD113ABD06000153405 /* Project object */;
}
